
Microsoft Visual Studio Solution File, Format Version 12.00
# Visual Studio Version 17
VisualStudioVersion = 17.6.33723.286
MinimumVisualStudioVersion = 10.0.40219.1
Project("{9A19103F-16F7-4668-BE54-9A1E7A4F7556}") = "vermage", "vermage.csproj", "{CDA77E66-549B-4C81-B28B-29EFF98F5348}"
EndProject
Global
	GlobalSection(SolutionConfigurationPlatforms) = preSolution
		Debug|Any CPU = Debug|Any CPU
		Release|Any CPU = Release|Any CPU
	EndGlobalSection
	GlobalSection(ProjectConfigurationPlatforms) = postSolution
		{CDA77E66-549B-4C81-B28B-29EFF98F5348}.Debug|Any CPU.ActiveCfg = Debug|Any CPU
		{CDA77E66-549B-4C81-B28B-29EFF98F5348}.Debug|Any CPU.Build.0 = Debug|Any CPU
		{CDA77E66-549B-4C81-B28B-29EFF98F5348}.Release|Any CPU.ActiveCfg = Release|Any CPU
		{CDA77E66-549B-4C81-B28B-29EFF98F5348}.Release|Any CPU.Build.0 = Release|Any CPU
	EndGlobalSection
	GlobalSection(SolutionProperties) = preSolution
		HideSolutionNode = FALSE
	EndGlobalSection
	GlobalSection(ExtensibilityGlobals) = postSolution
		SolutionGuid = {74E967D7-3035-4417-AEB9-C1FED83D1C9E}
	EndGlobalSection
EndGlobal
